
Microsoft Visual Studio Solution File, Format Version 12.00
# Visual Studio Version 17
VisualStudioVersion = 17.14.36511.14 d17.14
MinimumVisualStudioVersion = 10.0.40219.1
Project("{FAE04EC0-301F-11D3-BF4B-00C04F79EFBC}") = "CSharpBasics", "CSharpBasics.csproj", "{13C2D23A-3B63-4525-B277-CCBC4336C768}"
EndProject
Global
	GlobalSection(SolutionConfigurationPlatforms) = preSolution
		Debug|Any CPU = Debug|Any CPU
		Release|Any CPU = Release|Any CPU
	EndGlobalSection
	GlobalSection(ProjectConfigurationPlatforms) = postSolution
		{13C2D23A-3B63-4525-B277-CCBC4336C768}.Debug|Any CPU.ActiveCfg = Debug|Any CPU
		{13C2D23A-3B63-4525-B277-CCBC4336C768}.Debug|Any CPU.Build.0 = Debug|Any CPU
		{13C2D23A-3B63-4525-B277-CCBC4336C768}.Release|Any CPU.ActiveCfg = Release|Any CPU
		{13C2D23A-3B63-4525-B277-CCBC4336C768}.Release|Any CPU.Build.0 = Release|Any CPU
	EndGlobalSection
	GlobalSection(SolutionProperties) = preSolution
		HideSolutionNode = FALSE
	EndGlobalSection
	GlobalSection(ExtensibilityGlobals) = postSolution
		SolutionGuid = {2D09178F-85D3-4E8A-A905-F181D18C1D61}
	EndGlobalSection
EndGlobal
